
Microsoft Visual Studio Solution File, Format Version 12.00
# Visual Studio Version 16
VisualStudioVersion = 16.0.29519.181
MinimumVisualStudioVersion = 10.0.40219.1
Project("{FAE04EC0-301F-11D3-BF4B-00C04F79EFBC}") = "RepoTree", "RepoTree.csproj", "{FECCED81-99A9-4B68-95AB-94341D508E23}"
EndProject
Global
	GlobalSection(SolutionConfigurationPlatforms) = preSolution
		Debug|Any CPU = Debug|Any CPU
		Release|Any CPU = Release|Any CPU
	EndGlobalSection
	GlobalSection(ProjectConfigurationPlatforms) = postSolution
		{FECCED81-99A9-4B68-95AB-94341D508E23}.Debug|Any CPU.ActiveCfg = Debug|Any CPU
		{FECCED81-99A9-4B68-95AB-94341D508E23}.Debug|Any CPU.Build.0 = Debug|Any CPU
		{FECCED81-99A9-4B68-95AB-94341D508E23}.Release|Any CPU.ActiveCfg = Release|Any CPU
		{FECCED81-99A9-4B68-95AB-94341D508E23}.Release|Any CPU.Build.0 = Release|Any CPU
	EndGlobalSection
	GlobalSection(SolutionProperties) = preSolution
		HideSolutionNode = FALSE
	EndGlobalSection
	GlobalSection(ExtensibilityGlobals) = postSolution
		SolutionGuid = {20E2B3FE-189B-4311-8A99-3F5C7A41B69D}
	EndGlobalSection
EndGlobal
